{
  "name": "Sociedade e Cultura - Nathan",
  "lockfileVersion": 3,
  "requires": true,
  "packages": {
    "": {
      "dependencies": {
        "gsap": "^3.11.5",
        "lightbox2": "^2.11.4"
      }
    },
    "node_modules/gsap": {
      "version": "3.11.5",
      "resolved": "https://registry.npmjs.org/gsap/-/gsap-3.11.5.tgz",
      "integrity": "sha512-Q89nKCLgoX5xUjznh9LcaIUkz54k1voNucT1Rpf9SJNFIQznBwFqt5qUUQbeVInFyN/n18OUJkpeI6CNEDt74w=="
    },
    "node_modules/lightbox2": {
      "version": "2.11.4",
      "resolved": "https://registry.npmjs.org/lightbox2/-/lightbox2-2.11.4.tgz",
      "integrity": "sha512-Fof7RJFWV3Fe4CWTjpto30h04Led97nRStFNLaUD/VrlEs72r7LF9WMndENYvU2e4o8WboSuy+dmetXSKSnQ2Q=="
    }
  }
}
